
Microsoft Visual Studio Solution File, Format Version 12.00
# Visual Studio 2013
VisualStudioVersion = 12.0.30501.0
MinimumVisualStudioVersion = 10.0.40219.1
Project("{FAE04EC0-301F-11D3-BF4B-00C04F79EFBC}") = "MonoTorrent", "MonoTorrent\MonoTorrent.csproj", "{411A9E0E-FDC6-4E25-828A-0C2CD1CD96F8}"
EndProject
Project("{FAE04EC0-301F-11D3-BF4B-00C04F79EFBC}") = "Kei.KNetwork", "Kei.KNetwork\Kei.KNetwork.csproj", "{59B23B38-918C-4401-909C-F85CDCB0CD44}"
EndProject
Project("{FAE04EC0-301F-11D3-BF4B-00C04F79EFBC}") = "Kei.KTracker", "Kei.KTracker\Kei.KTracker.csproj", "{DB1E6070-1221-4153-831E-D56472E90CC1}"
EndProject
Project("{FAE04EC0-301F-11D3-BF4B-00C04F79EFBC}") = "Kei.Shared", "Kei.Shared\Kei.Shared.csproj", "{93143C61-49CB-45A8-8033-C125D967EE8D}"
EndProject
Project("{FAE04EC0-301F-11D3-BF4B-00C04F79EFBC}") = "Kei.Tests", "Kei.Tests\Kei.Tests.csproj", "{9DE5E483-8C87-4D2F-B056-4CA32FB1B885}"
EndProject
Project("{2150E333-8FDC-42A3-9474-1A3956D46DE8}") = "Projects", "Projects", "{CE60FEC0-AA58-4CAE-8AFA-316734811BBD}"
EndProject
Project("{2150E333-8FDC-42A3-9474-1A3956D46DE8}") = "Misc", "Misc", "{0634E4B1-76D9-4F1C-A92F-6A741676BF47}"
	ProjectSection(SolutionItems) = preProject
		.gitignore = .gitignore
		GPLv2 = GPLv2
		KeiSystemIcon.ico = KeiSystemIcon.ico
		LICENSE = LICENSE
		README.md = README.md
	EndProjectSection
EndProject
Project("{2150E333-8FDC-42A3-9474-1A3956D46DE8}") = "docs", "docs", "{4FDA5EB2-2BC1-4DB4-9402-588B3DEEE2CF}"
EndProject
Project("{2150E333-8FDC-42A3-9474-1A3956D46DE8}") = "specification", "specification", "{C0D40055-CA1F-40AC-973A-3D13D469C121}"
	ProjectSection(SolutionItems) = preProject
		docs\specification\k-dist-tracker.v1.1.html = docs\specification\k-dist-tracker.v1.1.html
		docs\specification\k-dist-tracker.v1.1.md = docs\specification\k-dist-tracker.v1.1.md
	EndProjectSection
EndProject
Project("{FAE04EC0-301F-11D3-BF4B-00C04F79EFBC}") = "Kei.Gui", "Kei.Gui\Kei.Gui.csproj", "{E2423CE1-CA61-46AD-984A-2D6DD70F79F6}"
EndProject
Project("{FAE04EC0-301F-11D3-BF4B-00C04F79EFBC}") = "Kei.TorrentNormalize", "Kei.TorrentNormalize\Kei.TorrentNormalize.csproj", "{A9A13A60-8AEB-4F12-9DDA-15BA6C4E30EA}"
EndProject
Project("{2150E333-8FDC-42A3-9474-1A3956D46DE8}") = "help", "help", "{191852BB-E2F4-48A5-B0C1-F995046C5FFE}"
	ProjectSection(SolutionItems) = preProject
		docs\help\general.htm = docs\help\general.htm
		docs\help\general.md = docs\help\general.md
		docs\help\gui.htm = docs\help\gui.htm
		docs\help\gui.md = docs\help\gui.md
		docs\help\index.htm = docs\help\index.htm
		docs\help\index.md = docs\help\index.md
		docs\help\tnorm.htm = docs\help\tnorm.htm
		docs\help\tnorm.md = docs\help\tnorm.md
	EndProjectSection
EndProject
Global
	GlobalSection(SolutionConfigurationPlatforms) = preSolution
		Debug|Any CPU = Debug|Any CPU
		Release|Any CPU = Release|Any CPU
		Stats|Any CPU = Stats|Any CPU
	EndGlobalSection
	GlobalSection(ProjectConfigurationPlatforms) = postSolution
		{411A9E0E-FDC6-4E25-828A-0C2CD1CD96F8}.Debug|Any CPU.ActiveCfg = Debug|Any CPU
		{411A9E0E-FDC6-4E25-828A-0C2CD1CD96F8}.Debug|Any CPU.Build.0 = Debug|Any CPU
		{411A9E0E-FDC6-4E25-828A-0C2CD1CD96F8}.Release|Any CPU.ActiveCfg = Release|Any CPU
		{411A9E0E-FDC6-4E25-828A-0C2CD1CD96F8}.Release|Any CPU.Build.0 = Release|Any CPU
		{411A9E0E-FDC6-4E25-828A-0C2CD1CD96F8}.Stats|Any CPU.ActiveCfg = Stats|Any CPU
		{411A9E0E-FDC6-4E25-828A-0C2CD1CD96F8}.Stats|Any CPU.Build.0 = Stats|Any CPU
		{59B23B38-918C-4401-909C-F85CDCB0CD44}.Debug|Any CPU.ActiveCfg = Debug|Any CPU
		{59B23B38-918C-4401-909C-F85CDCB0CD44}.Debug|Any CPU.Build.0 = Debug|Any CPU
		{59B23B38-918C-4401-909C-F85CDCB0CD44}.Release|Any CPU.ActiveCfg = Release|Any CPU
		{59B23B38-918C-4401-909C-F85CDCB0CD44}.Release|Any CPU.Build.0 = Release|Any CPU
		{59B23B38-918C-4401-909C-F85CDCB0CD44}.Stats|Any CPU.ActiveCfg = Release|Any CPU
		{59B23B38-918C-4401-909C-F85CDCB0CD44}.Stats|Any CPU.Build.0 = Release|Any CPU
		{DB1E6070-1221-4153-831E-D56472E90CC1}.Debug|Any CPU.ActiveCfg = Debug|Any CPU
		{DB1E6070-1221-4153-831E-D56472E90CC1}.Debug|Any CPU.Build.0 = Debug|Any CPU
		{DB1E6070-1221-4153-831E-D56472E90CC1}.Release|Any CPU.ActiveCfg = Release|Any CPU
		{DB1E6070-1221-4153-831E-D56472E90CC1}.Release|Any CPU.Build.0 = Release|Any CPU
		{DB1E6070-1221-4153-831E-D56472E90CC1}.Stats|Any CPU.ActiveCfg = Release|Any CPU
		{DB1E6070-1221-4153-831E-D56472E90CC1}.Stats|Any CPU.Build.0 = Release|Any CPU
		{93143C61-49CB-45A8-8033-C125D967EE8D}.Debug|Any CPU.ActiveCfg = Debug|Any CPU
		{93143C61-49CB-45A8-8033-C125D967EE8D}.Debug|Any CPU.Build.0 = Debug|Any CPU
		{93143C61-49CB-45A8-8033-C125D967EE8D}.Release|Any CPU.ActiveCfg = Release|Any CPU
		{93143C61-49CB-45A8-8033-C125D967EE8D}.Release|Any CPU.Build.0 = Release|Any CPU
		{93143C61-49CB-45A8-8033-C125D967EE8D}.Stats|Any CPU.ActiveCfg = Release|Any CPU
		{93143C61-49CB-45A8-8033-C125D967EE8D}.Stats|Any CPU.Build.0 = Release|Any CPU
		{9DE5E483-8C87-4D2F-B056-4CA32FB1B885}.Debug|Any CPU.ActiveCfg = Debug|Any CPU
		{9DE5E483-8C87-4D2F-B056-4CA32FB1B885}.Debug|Any CPU.Build.0 = Debug|Any CPU
		{9DE5E483-8C87-4D2F-B056-4CA32FB1B885}.Release|Any CPU.ActiveCfg = Release|Any CPU
		{9DE5E483-8C87-4D2F-B056-4CA32FB1B885}.Release|Any CPU.Build.0 = Release|Any CPU
		{9DE5E483-8C87-4D2F-B056-4CA32FB1B885}.Stats|Any CPU.ActiveCfg = Release|Any CPU
		{9DE5E483-8C87-4D2F-B056-4CA32FB1B885}.Stats|Any CPU.Build.0 = Release|Any CPU
		{E2423CE1-CA61-46AD-984A-2D6DD70F79F6}.Debug|Any CPU.ActiveCfg = Debug|Any CPU
		{E2423CE1-CA61-46AD-984A-2D6DD70F79F6}.Debug|Any CPU.Build.0 = Debug|Any CPU
		{E2423CE1-CA61-46AD-984A-2D6DD70F79F6}.Release|Any CPU.ActiveCfg = Release|Any CPU
		{E2423CE1-CA61-46AD-984A-2D6DD70F79F6}.Release|Any CPU.Build.0 = Release|Any CPU
		{E2423CE1-CA61-46AD-984A-2D6DD70F79F6}.Stats|Any CPU.ActiveCfg = Release|Any CPU
		{E2423CE1-CA61-46AD-984A-2D6DD70F79F6}.Stats|Any CPU.Build.0 = Release|Any CPU
		{A9A13A60-8AEB-4F12-9DDA-15BA6C4E30EA}.Debug|Any CPU.ActiveCfg = Debug|Any CPU
		{A9A13A60-8AEB-4F12-9DDA-15BA6C4E30EA}.Debug|Any CPU.Build.0 = Debug|Any CPU
		{A9A13A60-8AEB-4F12-9DDA-15BA6C4E30EA}.Release|Any CPU.ActiveCfg = Release|Any CPU
		{A9A13A60-8AEB-4F12-9DDA-15BA6C4E30EA}.Release|Any CPU.Build.0 = Release|Any CPU
		{A9A13A60-8AEB-4F12-9DDA-15BA6C4E30EA}.Stats|Any CPU.ActiveCfg = Release|Any CPU
		{A9A13A60-8AEB-4F12-9DDA-15BA6C4E30EA}.Stats|Any CPU.Build.0 = Release|Any CPU
	EndGlobalSection
	GlobalSection(SolutionProperties) = preSolution
		HideSolutionNode = FALSE
	EndGlobalSection
	GlobalSection(NestedProjects) = preSolution
		{411A9E0E-FDC6-4E25-828A-0C2CD1CD96F8} = {CE60FEC0-AA58-4CAE-8AFA-316734811BBD}
		{59B23B38-918C-4401-909C-F85CDCB0CD44} = {CE60FEC0-AA58-4CAE-8AFA-316734811BBD}
		{DB1E6070-1221-4153-831E-D56472E90CC1} = {CE60FEC0-AA58-4CAE-8AFA-316734811BBD}
		{93143C61-49CB-45A8-8033-C125D967EE8D} = {CE60FEC0-AA58-4CAE-8AFA-316734811BBD}
		{9DE5E483-8C87-4D2F-B056-4CA32FB1B885} = {CE60FEC0-AA58-4CAE-8AFA-316734811BBD}
		{4FDA5EB2-2BC1-4DB4-9402-588B3DEEE2CF} = {0634E4B1-76D9-4F1C-A92F-6A741676BF47}
		{C0D40055-CA1F-40AC-973A-3D13D469C121} = {4FDA5EB2-2BC1-4DB4-9402-588B3DEEE2CF}
		{E2423CE1-CA61-46AD-984A-2D6DD70F79F6} = {CE60FEC0-AA58-4CAE-8AFA-316734811BBD}
		{A9A13A60-8AEB-4F12-9DDA-15BA6C4E30EA} = {CE60FEC0-AA58-4CAE-8AFA-316734811BBD}
		{191852BB-E2F4-48A5-B0C1-F995046C5FFE} = {4FDA5EB2-2BC1-4DB4-9402-588B3DEEE2CF}
	EndGlobalSection
EndGlobal
